
Microsoft Visual Studio Solution File, Format Version 12.00
# Visual Studio Version 17
VisualStudioVersion = 17.9.34607.119
MinimumVisualStudioVersion = 10.0.40219.1
Project("{FAE04EC0-301F-11D3-BF4B-00C04F79EFBC}") = "0314", "0314.csproj", "{050B2D3F-8549-4AD8-AE06-C80168728F06}"
EndProject
Global
	GlobalSection(SolutionConfigurationPlatforms) = preSolution
		Debug|Any CPU = Debug|Any CPU
		Release|Any CPU = Release|Any CPU
	EndGlobalSection
	GlobalSection(ProjectConfigurationPlatforms) = postSolution
		{050B2D3F-8549-4AD8-AE06-C80168728F06}.Debug|Any CPU.ActiveCfg = Debug|Any CPU
		{050B2D3F-8549-4AD8-AE06-C80168728F06}.Debug|Any CPU.Build.0 = Debug|Any CPU
		{050B2D3F-8549-4AD8-AE06-C80168728F06}.Release|Any CPU.ActiveCfg = Release|Any CPU
		{050B2D3F-8549-4AD8-AE06-C80168728F06}.Release|Any CPU.Build.0 = Release|Any CPU
	EndGlobalSection
	GlobalSection(SolutionProperties) = preSolution
		HideSolutionNode = FALSE
	EndGlobalSection
	GlobalSection(ExtensibilityGlobals) = postSolution
		SolutionGuid = {B0F55E75-BD1E-4775-AC9E-8F72E617E58E}
	EndGlobalSection
EndGlobal
